{
  "nodes": {
    "confluent-cli-src": {
      "flake": false,
      "locked": {
        "narHash": "sha256-uA2+Tox+hfPdR4hwKOyJm62GNnjG+gj6A26DTfD8PWM=",
        "type": "tarball",
        "url": "https://s3-us-west-2.amazonaws.com/confluent.cloud/confluent-cli/archives/3.12.0/confluent_3.12.0_darwin_amd64.tar.gz"
      },
      "original": {
        "type": "tarball",
        "url": "https://s3-us-west-2.amazonaws.com/confluent.cloud/confluent-cli/archives/3.12.0/confluent_3.12.0_darwin_amd64.tar.gz"
      }
    },
    "confluent-platform-src": {
      "flake": false,
      "locked": {
        "narHash": "sha256-koTozPCN9r+r/bahXbWMttHW9sjgpDQ/FyagWsI5pAk=",
        "type": "tarball",
        "url": "http://packages.confluent.io/archive/7.4/confluent-7.4.0.tar.gz"
      },
      "original": {
        "type": "tarball",
        "url": "http://packages.confluent.io/archive/7.4/confluent-7.4.0.tar.gz"
      }
    },
    "kafka-connector-http-source": {
      "flake": false,
      "locked": {
        "narHash": "sha256-RqKSLSXkfoK9RJljRSIQ7xzez/m4VZzpsVNVcje2R3Q=",
        "type": "file",
        "url": "https://github.com/castorm/kafka-connect-http/releases/download/v0.8.11/castorm-kafka-connect-http-0.8.11.zip"
      },
      "original": {
        "type": "file",
        "url": "https://github.com/castorm/kafka-connect-http/releases/download/v0.8.11/castorm-kafka-connect-http-0.8.11.zip"
      }
    },
    "kcat-src": {
      "flake": false,
      "locked": {
        "lastModified": 1642580593,
        "narHash": "sha256-pCIYNx0GYPGDYzTLq9h/LbOrJjhKWLAV4gq07Ikl5O4=",
        "owner": "edenhill",
        "repo": "kcat",
        "rev": "9ca33cdbb8cb1f762d118ef76f96711125ccb091",
        "type": "github"
      },
      "original": {
        "owner": "edenhill",
        "ref": "1.7.1",
        "repo": "kcat",
        "type": "github"
      }
    },
    "nixpkgs": {
      "locked": {
        "lastModified": 1669833724,
        "narHash": "sha256-/HEZNyGbnQecrgJnfE8d0WC5c1xuPSD2LUpB6YXlg4c=",
        "owner": "NixOS",
        "repo": "nixpkgs",
        "rev": "4d2b37a84fad1091b9de401eb450aae66f1a741e",
        "type": "github"
      },
      "original": {
        "owner": "NixOS",
        "ref": "22.11",
        "repo": "nixpkgs",
        "type": "github"
      }
    },
    "rdkafka-src": {
      "flake": false,
      "locked": {
        "lastModified": 1659373798,
        "narHash": "sha256-G6rTvb2Z2O1Df5/6upEB9Eh049sx+LWhhDKvsZdDqsc=",
        "owner": "edenhill",
        "repo": "librdkafka",
        "rev": "9b72ca3aa6c49f8f57eea02f70aadb1453d3ba1f",
        "type": "github"
      },
      "original": {
        "owner": "edenhill",
        "ref": "v1.9.2",
        "repo": "librdkafka",
        "type": "github"
      }
    },
    "root": {
      "inputs": {
        "confluent-cli-src": "confluent-cli-src",
        "confluent-platform-src": "confluent-platform-src",
        "kafka-connector-http-source": "kafka-connector-http-source",
        "kcat-src": "kcat-src",
        "nixpkgs": "nixpkgs",
        "rdkafka-src": "rdkafka-src",
        "serdes-src": "serdes-src",
        "utils": "utils"
      }
    },
    "serdes-src": {
      "flake": false,
      "locked": {
        "lastModified": 1610533441,
        "narHash": "sha256-7AWQGj/8rLYYjzayZgEBqTdPxLI6hvekZa7wjoJWmaQ=",
        "owner": "confluentinc",
        "repo": "libserdes",
        "rev": "ed53a422a2ddc70acaa328f6e1b8012ec52d1fb6",
        "type": "github"
      },
      "original": {
        "owner": "confluentinc",
        "ref": "v6.2.0",
        "repo": "libserdes",
        "type": "github"
      }
    },
    "systems": {
      "locked": {
        "lastModified": 1681028828,
        "narHash": "sha256-Vy1rq5AaRuLzOxct8nz4T6wlgyUR7zLU309k9mBC768=",
        "owner": "nix-systems",
        "repo": "default",
        "rev": "da67096a3b9bf56a91d16901293e51ba5b49a27e",
        "type": "github"
      },
      "original": {
        "owner": "nix-systems",
        "repo": "default",
        "type": "github"
      }
    },
    "utils": {
      "inputs": {
        "systems": "systems"
      },
      "locked": {
        "lastModified": 1681202837,
        "narHash": "sha256-H+Rh19JDwRtpVPAWp64F+rlEtxUWBAQW28eAi3SRSzg=",
        "owner": "numtide",
        "repo": "flake-utils",
        "rev": "cfacdce06f30d2b68473a46042957675eebb3401",
        "type": "github"
      },
      "original": {
        "owner": "numtide",
        "repo": "flake-utils",
        "type": "github"
      }
    }
  },
  "root": "root",
  "version": 7
}
